
Microsoft Visual Studio Solution File, Format Version 12.00
# Visual Studio 15
VisualStudioVersion = 15.0.28307.136
MinimumVisualStudioVersion = 10.0.40219.1
Project("{FAE04EC0-301F-11D3-BF4B-00C04F79EFBC}") = "TabHelper", "TabHelper\TabHelper.csproj", "{E69ABE56-D98E-48F2-9481-16F4DACDE121}"
EndProject
Global
	GlobalSection(SolutionConfigurationPlatforms) = preSolution
		Debug|Any CPU = Debug|Any CPU
		Release|Any CPU = Release|Any CPU
	EndGlobalSection
	GlobalSection(ProjectConfigurationPlatforms) = postSolution
		{E69ABE56-D98E-48F2-9481-16F4DACDE121}.Debug|Any CPU.ActiveCfg = Debug|Any CPU
		{E69ABE56-D98E-48F2-9481-16F4DACDE121}.Debug|Any CPU.Build.0 = Debug|Any CPU
		{E69ABE56-D98E-48F2-9481-16F4DACDE121}.Release|Any CPU.ActiveCfg = Release|Any CPU
		{E69ABE56-D98E-48F2-9481-16F4DACDE121}.Release|Any CPU.Build.0 = Release|Any CPU
	EndGlobalSection
	GlobalSection(SolutionProperties) = preSolution
		HideSolutionNode = FALSE
	EndGlobalSection
	GlobalSection(ExtensibilityGlobals) = postSolution
		SolutionGuid = {0074B534-8ADD-4C86-BF0A-CC4A5740BE5C}
	EndGlobalSection
EndGlobal
